// !$*UTF8*$!
{
	archiveVersion = 1;
	classes = {
	};
	objectVersion = 55;
	objects = {

/* Begin PBXBuildFile section */
		96357A4D275277EB00FFC0F3 /* CodableExWithSwiftUIApp.swift in Sources */ = {isa = PBXBuildFile; fileRef = 96357A4C275277EB00FFC0F3 /* CodableExWithSwiftUIApp.swift */; };
		96357A4F275277EB00FFC0F3 /* ContentView.swift in Sources */ = {isa = PBXBuildFile; fileRef = 96357A4E275277EB00FFC0F3 /* ContentView.swift */; };
		96357A51275277EB00FFC0F3 /* Assets.xcassets in Resources */ = {isa = PBXBuildFile; fileRef = 96357A50275277EB00FFC0F3 /* Assets.xcassets */; };
		96357A54275277EB00FFC0F3 /* Preview Assets.xcassets in Resources */ = {isa = PBXBuildFile; fileRef = 96357A53275277EB00FFC0F3 /* Preview Assets.xcassets */; };
		96357A5E275277EC00FFC0F3 /* CodableExWithSwiftUITests.swift in Sources */ = {isa = PBXBuildFile; fileRef = 96357A5D275277EC00FFC0F3 /* CodableExWithSwiftUITests.swift */; };
		96357A68275277EC00FFC0F3 /* CodableExWithSwiftUIUITests.swift in Sources */ = {isa = PBXBuildFile; fileRef = 96357A67275277EC00FFC0F3 /* CodableExWithSwiftUIUITests.swift */; };
		96357A6A275277EC00FFC0F3 /* CodableExWithSwiftUIUITestsLaunchTests.swift in Sources */ = {isa = PBXBuildFile; fileRef = 96357A69275277EC00FFC0F3 /* CodableExWithSwiftUIUITestsLaunchTests.swift */; };
/* End PBXBuildFile section */

/* Begin PBXContainerItemProxy section */
		96357A5A275277EC00FFC0F3 /* PBXContainerItemProxy */ = {
			isa = PBXContainerItemProxy;
			containerPortal = 96357A41275277EB00FFC0F3 /* Project object */;
			proxyType = 1;
			remoteGlobalIDString = 96357A48275277EB00FFC0F3;
			remoteInfo = CodableExWithSwiftUI;
		};
		96357A64275277EC00FFC0F3 /* PBXContainerItemProxy */ = {
			isa = PBXContainerItemProxy;
			containerPortal = 96357A41275277EB00FFC0F3 /* Project object */;
			proxyType = 1;
			remoteGlobalIDString = 96357A48275277EB00FFC0F3;
			remoteInfo = CodableExWithSwiftUI;
		};
/* End PBXContainerItemProxy section */

/* Begin PBXFileReference section */
		96357A49275277EB00FFC0F3 /* CodableExWithSwiftUI.app */ = {isa = PBXFileReference; explicitFileType = wrapper.application; includeInIndex = 0; path = CodableExWithSwiftUI.app; sourceTree = BUILT_PRODUCTS_DIR; };
		96357A4C275277EB00FFC0F3 /* CodableExWithSwiftUIApp.swift */ = {isa = PBXFileReference; lastKnownFileType = sourcecode.swift; path = CodableExWithSwiftUIApp.swift; sourceTree = "<group>"; };
		96357A4E275277EB00FFC0F3 /* ContentView.swift */ = {isa = PBXFileReference; lastKnownFileType = sourcecode.swift; path = ContentView.swift; sourceTree = "<group>"; };
		96357A50275277EB00FFC0F3 /* Assets.xcassets */ = {isa = PBXFileReference; lastKnownFileType = folder.assetcatalog; path = Assets.xcassets; sourceTree = "<group>"; };
		96357A53275277EB00FFC0F3 /* Preview Assets.xcassets */ = {isa = PBXFileReference; lastKnownFileType = folder.assetcatalog; path = "Preview Assets.xcassets"; sourceTree = "<group>"; };
		96357A59275277EC00FFC0F3 /* CodableExWithSwiftUITests.xctest */ = {isa = PBXFileReference; explicitFileType = wrapper.cfbundle; includeInIndex = 0; path = CodableExWithSwiftUITests.xctest; sourceTree = BUILT_PRODUCTS_DIR; };
		96357A5D275277EC00FFC0F3 /* CodableExWithSwiftUITests.swift */ = {isa = PBXFileReference; lastKnownFileType = sourcecode.swift; path = CodableExWithSwiftUITests.swift; sourceTree = "<group>"; };
		96357A63275277EC00FFC0F3 /* CodableExWithSwiftUIUITests.xctest */ = {isa = PBXFileReference; explicitFileType = wrapper.cfbundle; includeInIndex = 0; path = CodableExWithSwiftUIUITests.xctest; sourceTree = BUILT_PRODUCTS_DIR; };
		96357A67275277EC00FFC0F3 /* CodableExWithSwiftUIUITests.swift */ = {isa = PBXFileReference; lastKnownFileType = sourcecode.swift; path = CodableExWithSwiftUIUITests.swift; sourceTree = "<group>"; };
		96357A69275277EC00FFC0F3 /* CodableExWithSwiftUIUITestsLaunchTests.swift */ = {isa = PBXFileReference; lastKnownFileType = sourcecode.swift; path = CodableExWithSwiftUIUITestsLaunchTests.swift; sourceTree = "<group>"; };
/* End PBXFileReference section */

/* Begin PBXFrameworksBuildPhase section */
		96357A46275277EB00FFC0F3 /* Frameworks */ = {
			isa = PBXFrameworksBuildPhase;
			buildActionMask = 2147483647;
			files = (
			);
			runOnlyForDeploymentPostprocessing = 0;
		};
		96357A56275277EC00FFC0F3 /* Frameworks */ = {
			isa = PBXFrameworksBuildPhase;
			buildActionMask = 2147483647;
			files = (
			);
			runOnlyForDeploymentPostprocessing = 0;
		};
		96357A60275277EC00FFC0F3 /* Frameworks */ = {
			isa = PBXFrameworksBuildPhase;
			buildActionMask = 2147483647;
			files = (
			);
			runOnlyForDeploymentPostprocessing = 0;
		};
/* End PBXFrameworksBuildPhase section */

/* Begin PBXGroup section */
		96357A40275277EB00FFC0F3 = {
			isa = PBXGroup;
			children = (
				96357A4B275277EB00FFC0F3 /* CodableExWithSwiftUI */,
				96357A5C275277EC00FFC0F3 /* CodableExWithSwiftUITests */,
				96357A66275277EC00FFC0F3 /* CodableExWithSwiftUIUITests */,
				96357A4A275277EB00FFC0F3 /* Products */,
			);
			sourceTree = "<group>";
		};
		96357A4A275277EB00FFC0F3 /* Products */ = {
			isa = PBXGroup;
			children = (
				96357A49275277EB00FFC0F3 /* CodableExWithSwiftUI.app */,
				96357A59275277EC00FFC0F3 /* CodableExWithSwiftUITests.xctest */,
				96357A63275277EC00FFC0F3 /* CodableExWithSwiftUIUITests.xctest */,
			);
			name = Products;
			sourceTree = "<group>";
		};
		96357A4B275277EB00FFC0F3 /* CodableExWithSwiftUI */ = {
			isa = PBXGroup;
			children = (
				96357A4C275277EB00FFC0F3 /* CodableExWithSwiftUIApp.swift */,
				96357A4E275277EB00FFC0F3 /* ContentView.swift */,
				96357A50275277EB00FFC0F3 /* Assets.xcassets */,
				96357A52275277EB00FFC0F3 /* Preview Content */,
			);
			path = CodableExWithSwiftUI;
			sourceTree = "<group>";
		};
		96357A52275277EB00FFC0F3 /* Preview Content */ = {
			isa = PBXGroup;
			children = (
				96357A53275277EB00FFC0F3 /* Preview Assets.xcassets */,
			);
			path = "Preview Content";
			sourceTree = "<group>";
		};
		96357A5C275277EC00FFC0F3 /* CodableExWithSwiftUITests */ = {
			isa = PBXGroup;
			children = (
				96357A5D275277EC00FFC0F3 /* CodableExWithSwiftUITests.swift */,
			);
			path = CodableExWithSwiftUITests;
			sourceTree = "<group>";
		};
		96357A66275277EC00FFC0F3 /* CodableExWithSwiftUIUITests */ = {
			isa = PBXGroup;
			children = (
				96357A67275277EC00FFC0F3 /* CodableExWithSwiftUIUITests.swift */,
				96357A69275277EC00FFC0F3 /* CodableExWithSwiftUIUITestsLaunchTests.swift */,
			);
			path = CodableExWithSwiftUIUITests;
			sourceTree = "<group>";
		};
/* End PBXGroup section */

/* Begin PBXNativeTarget section */
		96357A48275277EB00FFC0F3 /* CodableExWithSwiftUI */ = {
			isa = PBXNativeTarget;
			buildConfigurationList = 96357A6D275277EC00FFC0F3 /* Build configuration list for PBXNativeTarget "CodableExWithSwiftUI" */;
			buildPhases = (
				96357A45275277EB00FFC0F3 /* Sources */,
				96357A46275277EB00FFC0F3 /* Frameworks */,
				96357A47275277EB00FFC0F3 /* Resources */,
			);
			buildRules = (
			);
			dependencies = (
			);
			name = CodableExWithSwiftUI;
			productName = CodableExWithSwiftUI;
			productReference = 96357A49275277EB00FFC0F3 /* CodableExWithSwiftUI.app */;
			productType = "com.apple.product-type.application";
		};
		96357A58275277EC00FFC0F3 /* CodableExWithSwiftUITests */ = {
			isa = PBXNativeTarget;
			buildConfigurationList = 96357A70275277EC00FFC0F3 /* Build configuration list for PBXNativeTarget "CodableExWithSwiftUITests" */;
			buildPhases = (
				96357A55275277EC00FFC0F3 /* Sources */,
				96357A56275277EC00FFC0F3 /* Frameworks */,
				96357A57275277EC00FFC0F3 /* Resources */,
			);
			buildRules = (
			);
			dependencies = (
				96357A5B275277EC00FFC0F3 /* PBXTargetDependency */,
			);
			name = CodableExWithSwiftUITests;
			productName = CodableExWithSwiftUITests;
			productReference = 96357A59275277EC00FFC0F3 /* CodableExWithSwiftUITests.xctest */;
			productType = "com.apple.product-type.bundle.unit-test";
		};
		96357A62275277EC00FFC0F3 /* CodableExWithSwiftUIUITests */ = {
			isa = PBXNativeTarget;
			buildConfigurationList = 96357A73275277EC00FFC0F3 /* Build configuration list for PBXNativeTarget "CodableExWithSwiftUIUITests" */;
			buildPhases = (
				96357A5F275277EC00FFC0F3 /* Sources */,
				96357A60275277EC00FFC0F3 /* Frameworks */,
				96357A61275277EC00FFC0F3 /* Resources */,
			);
			buildRules = (
			);
			dependencies = (
				96357A65275277EC00FFC0F3 /* PBXTargetDependency */,
			);
			name = CodableExWithSwiftUIUITests;
			productName = CodableExWithSwiftUIUITests;
			productReference = 96357A63275277EC00FFC0F3 /* CodableExWithSwiftUIUITests.xctest */;
			productType = "com.apple.product-type.bundle.ui-testing";
		};
/* End PBXNativeTarget section */

/* Begin PBXProject section */
		96357A41275277EB00FFC0F3 /* Project object */ = {
			isa = PBXProject;
			attributes = {
				BuildIndependentTargetsInParallel = 1;
				LastSwiftUpdateCheck = 1310;
				LastUpgradeCheck = 1310;
				TargetAttributes = {
					96357A48275277EB00FFC0F3 = {
						CreatedOnToolsVersion = 13.1;
					};
					96357A58275277EC00FFC0F3 = {
						CreatedOnToolsVersion = 13.1;
						TestTargetID = 96357A48275277EB00FFC0F3;
					};
					96357A62275277EC00FFC0F3 = {
						CreatedOnToolsVersion = 13.1;
						TestTargetID = 96357A48275277EB00FFC0F3;
					};
				};
			};
			buildConfigurationList = 96357A44275277EB00FFC0F3 /* Build configuration list for PBXProject "CodableExWithSwiftUI" */;
			compatibilityVersion = "Xcode 13.0";
			developmentRegion = en;
			hasScannedForEncodings = 0;
			knownRegions = (
				en,
				Base,
			);
			mainGroup = 96357A40275277EB00FFC0F3;
			productRefGroup = 96357A4A275277EB00FFC0F3 /* Products */;
			projectDirPath = "";
			projectRoot = "";
			targets = (
				96357A48275277EB00FFC0F3 /* CodableExWithSwiftUI */,
				96357A58275277EC00FFC0F3 /* CodableExWithSwiftUITests */,
				96357A62275277EC00FFC0F3 /* CodableExWithSwiftUIUITests */,
			);
		};
/* End PBXProject section */

/* Begin PBXResourcesBuildPhase section */
		96357A47275277EB00FFC0F3 /* Resources */ = {
			isa = PBXResourcesBuildPhase;
			buildActionMask = 2147483647;
			files = (
				96357A54275277EB00FFC0F3 /* Preview Assets.xcassets in Resources */,
				96357A51275277EB00FFC0F3 /* Assets.xcassets in Resources */,
			);
			runOnlyForDeploymentPostprocessing = 0;
		};
		96357A57275277EC00FFC0F3 /* Resources */ = {
			isa = PBXResourcesBuildPhase;
			buildActionMask = 2147483647;
			files = (
			);
			runOnlyForDeploymentPostprocessing = 0;
		};
		96357A61275277EC00FFC0F3 /* Resources */ = {
			isa = PBXResourcesBuildPhase;
			buildActionMask = 2147483647;
			files = (
			);
			runOnlyForDeploymentPostprocessing = 0;
		};
/* End PBXResourcesBuildPhase section */

/* Begin PBXSourcesBuildPhase section */
		96357A45275277EB00FFC0F3 /* Sources */ = {
			isa = PBXSourcesBuildPhase;
			buildActionMask = 2147483647;
			files = (
				96357A4F275277EB00FFC0F3 /* ContentView.swift in Sources */,
				96357A4D275277EB00FFC0F3 /* CodableExWithSwiftUIApp.swift in Sources */,
			);
			runOnlyForDeploymentPostprocessing = 0;
		};
		96357A55275277EC00FFC0F3 /* Sources */ = {
			isa = PBXSourcesBuildPhase;
			buildActionMask = 2147483647;
			files = (
				96357A5E275277EC00FFC0F3 /* CodableExWithSwiftUITests.swift in Sources */,
			);
			runOnlyForDeploymentPostprocessing = 0;
		};
		96357A5F275277EC00FFC0F3 /* Sources */ = {
			isa = PBXSourcesBuildPhase;
			buildActionMask = 2147483647;
			files = (
				96357A6A275277EC00FFC0F3 /* CodableExWithSwiftUIUITestsLaunchTests.swift in Sources */,
				96357A68275277EC00FFC0F3 /* CodableExWithSwiftUIUITests.swift in Sources */,
			);
			runOnlyForDeploymentPostprocessing = 0;
		};
/* End PBXSourcesBuildPhase section */

/* Begin PBXTargetDependency section */
		96357A5B275277EC00FFC0F3 /* PBXTargetDependency */ = {
			isa = PBXTargetDependency;
			target = 96357A48275277EB00FFC0F3 /* CodableExWithSwiftUI */;
			targetProxy = 96357A5A275277EC00FFC0F3 /* PBXContainerItemProxy */;
		};
		96357A65275277EC00FFC0F3 /* PBXTargetDependency */ = {
			isa = PBXTargetDependency;
			target = 96357A48275277EB00FFC0F3 /* CodableExWithSwiftUI */;
			targetProxy = 96357A64275277EC00FFC0F3 /* PBXContainerItemProxy */;
		};
/* End PBXTargetDependency section */

/* Begin XCBuildConfiguration section */
		96357A6B275277EC00FFC0F3 /* Debug */ = {
			isa = XCBuildConfiguration;
			buildSettings = {
				ALWAYS_SEARCH_USER_PATHS = NO;
				CLANG_ANALYZER_NONNULL = YES;
				CLANG_ANALYZER_NUMBER_OBJECT_CONVERSION = YES_AGGRESSIVE;
				CLANG_CXX_LANGUAGE_STANDARD = "gnu++17";
				CLANG_CXX_LIBRARY = "libc++";
				CLANG_ENABLE_MODULES = YES;
				CLANG_ENABLE_OBJC_ARC = YES;
				CLANG_ENABLE_OBJC_WEAK = YES;
				CLANG_WARN_BLOCK_CAPTURE_AUTORELEASING = YES;
				CLANG_WARN_BOOL_CONVERSION = YES;
				CLANG_WARN_COMMA = YES;
				CLANG_WARN_CONSTANT_CONVERSION = YES;
				CLANG_WARN_DEPRECATED_OBJC_IMPLEMENTATIONS = YES;
				CLANG_WARN_DIRECT_OBJC_ISA_USAGE = YES_ERROR;
				CLANG_WARN_DOCUMENTATION_COMMENTS = YES;
				CLANG_WARN_EMPTY_BODY = YES;
				CLANG_WARN_ENUM_CONVERSION = YES;
				CLANG_WARN_INFINITE_RECURSION = YES;
				CLANG_WARN_INT_CONVERSION = YES;
				CLANG_WARN_NON_LITERAL_NULL_CONVERSION = YES;
				CLANG_WARN_OBJC_IMPLICIT_RETAIN_SELF = YES;
				CLANG_WARN_OBJC_LITERAL_CONVERSION = YES;
				CLANG_WARN_OBJC_ROOT_CLASS = YES_ERROR;
				CLANG_WARN_QUOTED_INCLUDE_IN_FRAMEWORK_HEADER = YES;
				CLANG_WARN_RANGE_LOOP_ANALYSIS = YES;
				CLANG_WARN_STRICT_PROTOTYPES = YES;
				CLANG_WARN_SUSPICIOUS_MOVE = YES;
				CLANG_WARN_UNGUARDED_AVAILABILITY = YES_AGGRESSIVE;
				CLANG_WARN_UNREACHABLE_CODE = YES;
				CLANG_WARN__DUPLICATE_METHOD_MATCH = YES;
				COPY_PHASE_STRIP = NO;
				DEBUG_INFORMATION_FORMAT = dwarf;
				ENABLE_STRICT_OBJC_MSGSEND = YES;
				ENABLE_TESTABILITY = YES;
				GCC_C_LANGUAGE_STANDARD = gnu11;
				GCC_DYNAMIC_NO_PIC = NO;
				GCC_NO_COMMON_BLOCKS = YES;
				GCC_OPTIMIZATION_LEVEL = 0;
				GCC_PREPROCESSOR_DEFINITIONS = (
					"DEBUG=1",
					"$(inherited)",
				);
				GCC_WARN_64_TO_32_BIT_CONVERSION = YES;
				GCC_WARN_ABOUT_RETURN_TYPE = YES_ERROR;
				GCC_WARN_UNDECLARED_SELECTOR = YES;
				GCC_WARN_UNINITIALIZED_AUTOS = YES_AGGRESSIVE;
				GCC_WARN_UNUSED_FUNCTION = YES;
				GCC_WARN_UNUSED_VARIABLE = YES;
				IPHONEOS_DEPLOYMENT_TARGET = 15.0;
				MTL_ENABLE_DEBUG_INFO = INCLUDE_SOURCE;
				MTL_FAST_MATH = YES;
				ONLY_ACTIVE_ARCH = YES;
				SDKROOT = iphoneos;
				SWIFT_ACTIVE_COMPILATION_CONDITIONS = DEBUG;
				SWIFT_OPTIMIZATION_LEVEL = "-Onone";
			};
			name = Debug;
		};
		96357A6C275277EC00FFC0F3 /* Release */ = {
			isa = XCBuildConfiguration;
			buildSettings = {
				ALWAYS_SEARCH_USER_PATHS = NO;
				CLANG_ANALYZER_NONNULL = YES;
				CLANG_ANALYZER_NUMBER_OBJECT_CONVERSION = YES_AGGRESSIVE;
				CLANG_CXX_LANGUAGE_STANDARD = "gnu++17";
				CLANG_CXX_LIBRARY = "libc++";
				CLANG_ENABLE_MODULES = YES;
				CLANG_ENABLE_OBJC_ARC = YES;
				CLANG_ENABLE_OBJC_WEAK = YES;
				CLANG_WARN_BLOCK_CAPTURE_AUTORELEASING = YES;
				CLANG_WARN_BOOL_CONVERSION = YES;
				CLANG_WARN_COMMA = YES;
				CLANG_WARN_CONSTANT_CONVERSION = YES;
				CLANG_WARN_DEPRECATED_OBJC_IMPLEMENTATIONS = YES;
				CLANG_WARN_DIRECT_OBJC_ISA_USAGE = YES_ERROR;
				CLANG_WARN_DOCUMENTATION_COMMENTS = YES;
				CLANG_WARN_EMPTY_BODY = YES;
				CLANG_WARN_ENUM_CONVERSION = YES;
				CLANG_WARN_INFINITE_RECURSION = YES;
				CLANG_WARN_INT_CONVERSION = YES;
				CLANG_WARN_NON_LITERAL_NULL_CONVERSION = YES;
				CLANG_WARN_OBJC_IMPLICIT_RETAIN_SELF = YES;
				CLANG_WARN_OBJC_LITERAL_CONVERSION = YES;
				CLANG_WARN_OBJC_ROOT_CLASS = YES_ERROR;
				CLANG_WARN_QUOTED_INCLUDE_IN_FRAMEWORK_HEADER = YES;
				CLANG_WARN_RANGE_LOOP_ANALYSIS = YES;
				CLANG_WARN_STRICT_PROTOTYPES = YES;
				CLANG_WARN_SUSPICIOUS_MOVE = YES;
				CLANG_WARN_UNGUARDED_AVAILABILITY = YES_AGGRESSIVE;
				CLANG_WARN_UNREACHABLE_CODE = YES;
				CLANG_WARN__DUPLICATE_METHOD_MATCH = YES;
				COPY_PHASE_STRIP = NO;
				DEBUG_INFORMATION_FORMAT = "dwarf-with-dsym";
				ENABLE_NS_ASSERTIONS = NO;
				ENABLE_STRICT_OBJC_MSGSEND = YES;
				GCC_C_LANGUAGE_STANDARD = gnu11;
				GCC_NO_COMMON_BLOCKS = YES;
				GCC_WARN_64_TO_32_BIT_CONVERSION = YES;
				GCC_WARN_ABOUT_RETURN_TYPE = YES_ERROR;
				GCC_WARN_UNDECLARED_SELECTOR = YES;
				GCC_WARN_UNINITIALIZED_AUTOS = YES_AGGRESSIVE;
				GCC_WARN_UNUSED_FUNCTION = YES;
				GCC_WARN_UNUSED_VARIABLE = YES;
				IPHONEOS_DEPLOYMENT_TARGET = 15.0;
				MTL_ENABLE_DEBUG_INFO = NO;
				MTL_FAST_MATH = YES;
				SDKROOT = iphoneos;
				SWIFT_COMPILATION_MODE = wholemodule;
				SWIFT_OPTIMIZATION_LEVEL = "-O";
				VALIDATE_PRODUCT = YES;
			};
			name = Release;
		};
		96357A6E275277EC00FFC0F3 /* Debug */ = {
			isa = XCBuildConfiguration;
			buildSettings = {
				ASSETCATALOG_COMPILER_APPICON_NAME = AppIcon;
				ASSETCATALOG_COMPILER_GLOBAL_ACCENT_COLOR_NAME = AccentColor;
				CODE_SIGN_STYLE = Automatic;
				CURRENT_PROJECT_VERSION = 1;
				DEVELOPMENT_ASSET_PATHS = "\"CodableExWithSwiftUI/Preview Content\"";
				ENABLE_PREVIEWS = YES;
				GENERATE_INFOPLIST_FILE = YES;
				INFOPLIST_KEY_UIApplicationSceneManifest_Generation = YES;
				INFOPLIST_KEY_UIApplicationSupportsIndirectInputEvents = YES;
				INFOPLIST_KEY_UILaunchScreen_Generation = YES;
				INFOPLIST_KEY_UISupportedInterfaceOrientations_iPad = "UIInterfaceOrientationPortrait UIInterfaceOrientationPortraitUpsideDown UIInterfaceOrientationLandscapeLeft UIInterfaceOrientationLandscapeRight";
				INFOPLIST_KEY_UISupportedInterfaceOrientations_iPhone = "UIInterfaceOrientationPortrait UIInterfaceOrientationLandscapeLeft UIInterfaceOrientationLandscapeRight";
				LD_RUNPATH_SEARCH_PATHS = (
					"$(inherited)",
					"@executable_path/Frameworks",
				);
				MARKETING_VERSION = 1.0;
				PRODUCT_BUNDLE_IDENTIFIER = net.jellyworks.CodableExWithSwiftUI;
				PRODUCT_NAME = "$(TARGET_NAME)";
				SWIFT_EMIT_LOC_STRINGS = YES;
				SWIFT_VERSION = 5.0;
				TARGETED_DEVICE_FAMILY = "1,2";
			};
			name = Debug;
		};
		96357A6F275277EC00FFC0F3 /* Release */ = {
			isa = XCBuildConfiguration;
			buildSettings = {
				ASSETCATALOG_COMPILER_APPICON_NAME = AppIcon;
				ASSETCATALOG_COMPILER_GLOBAL_ACCENT_COLOR_NAME = AccentColor;
				CODE_SIGN_STYLE = Automatic;
				CURRENT_PROJECT_VERSION = 1;
				DEVELOPMENT_ASSET_PATHS = "\"CodableExWithSwiftUI/Preview Content\"";
				ENABLE_PREVIEWS = YES;
				GENERATE_INFOPLIST_FILE = YES;
				INFOPLIST_KEY_UIApplicationSceneManifest_Generation = YES;
				INFOPLIST_KEY_UIApplicationSupportsIndirectInputEvents = YES;
				INFOPLIST_KEY_UILaunchScreen_Generation = YES;
				INFOPLIST_KEY_UISupportedInterfaceOrientations_iPad = "UIInterfaceOrientationPortrait UIInterfaceOrientationPortraitUpsideDown UIInterfaceOrientationLandscapeLeft UIInterfaceOrientationLandscapeRight";
				INFOPLIST_KEY_UISupportedInterfaceOrientations_iPhone = "UIInterfaceOrientationPortrait UIInterfaceOrientationLandscapeLeft UIInterfaceOrientationLandscapeRight";
				LD_RUNPATH_SEARCH_PATHS = (
					"$(inherited)",
					"@executable_path/Frameworks",
				);
				MARKETING_VERSION = 1.0;
				PRODUCT_BUNDLE_IDENTIFIER = net.jellyworks.CodableExWithSwiftUI;
				PRODUCT_NAME = "$(TARGET_NAME)";
				SWIFT_EMIT_LOC_STRINGS = YES;
				SWIFT_VERSION = 5.0;
				TARGETED_DEVICE_FAMILY = "1,2";
			};
			name = Release;
		};
		96357A71275277EC00FFC0F3 /* Debug */ = {
			isa = XCBuildConfiguration;
			buildSettings = {
				ALWAYS_EMBED_SWIFT_STANDARD_LIBRARIES = YES;
				BUNDLE_LOADER = "$(TEST_HOST)";
				CODE_SIGN_STYLE = Automatic;
				CURRENT_PROJECT_VERSION = 1;
				GENERATE_INFOPLIST_FILE = YES;
				IPHONEOS_DEPLOYMENT_TARGET = 15.0;
				LD_RUNPATH_SEARCH_PATHS = (
					"$(inherited)",
					"@executable_path/Frameworks",
					"@loader_path/Frameworks",
				);
				MARKETING_VERSION = 1.0;
				PRODUCT_BUNDLE_IDENTIFIER = net.jellyworks.CodableExWithSwiftUITests;
				PRODUCT_NAME = "$(TARGET_NAME)";
				SWIFT_EMIT_LOC_STRINGS = NO;
				SWIFT_VERSION = 5.0;
				TARGETED_DEVICE_FAMILY = "1,2";
				TEST_HOST = "$(BUILT_PRODUCTS_DIR)/CodableExWithSwiftUI.app/CodableExWithSwiftUI";
			};
			name = Debug;
		};
		96357A72275277EC00FFC0F3 /* Release */ = {
			isa = XCBuildConfiguration;
			buildSettings = {
				ALWAYS_EMBED_SWIFT_STANDARD_LIBRARIES = YES;
				BUNDLE_LOADER = "$(TEST_HOST)";
				CODE_SIGN_STYLE = Automatic;
				CURRENT_PROJECT_VERSION = 1;
				GENERATE_INFOPLIST_FILE = YES;
				IPHONEOS_DEPLOYMENT_TARGET = 15.0;
				LD_RUNPATH_SEARCH_PATHS = (
					"$(inherited)",
					"@executable_path/Frameworks",
					"@loader_path/Frameworks",
				);
				MARKETING_VERSION = 1.0;
				PRODUCT_BUNDLE_IDENTIFIER = net.jellyworks.CodableExWithSwiftUITests;
				PRODUCT_NAME = "$(TARGET_NAME)";
				SWIFT_EMIT_LOC_STRINGS = NO;
				SWIFT_VERSION = 5.0;
				TARGETED_DEVICE_FAMILY = "1,2";
				TEST_HOST = "$(BUILT_PRODUCTS_DIR)/CodableExWithSwiftUI.app/CodableExWithSwiftUI";
			};
			name = Release;
		};
		96357A74275277EC00FFC0F3 /* Debug */ = {
			isa = XCBuildConfiguration;
			buildSettings = {
				ALWAYS_EMBED_SWIFT_STANDARD_LIBRARIES = YES;
				CODE_SIGN_STYLE = Automatic;
				CURRENT_PROJECT_VERSION = 1;
				GENERATE_INFOPLIST_FILE = YES;
				LD_RUNPATH_SEARCH_PATHS = (
					"$(inherited)",
					"@executable_path/Frameworks",
					"@loader_path/Frameworks",
				);
				MARKETING_VERSION = 1.0;
				PRODUCT_BUNDLE_IDENTIFIER = net.jellyworks.CodableExWithSwiftUIUITests;
				PRODUCT_NAME = "$(TARGET_NAME)";
				SWIFT_EMIT_LOC_STRINGS = NO;
				SWIFT_VERSION = 5.0;
				TARGETED_DEVICE_FAMILY = "1,2";
				TEST_TARGET_NAME = CodableExWithSwiftUI;
			};
			name = Debug;
		};
		96357A75275277EC00FFC0F3 /* Release */ = {
			isa = XCBuildConfiguration;
			buildSettings = {
				ALWAYS_EMBED_SWIFT_STANDARD_LIBRARIES = YES;
				CODE_SIGN_STYLE = Automatic;
				CURRENT_PROJECT_VERSION = 1;
				GENERATE_INFOPLIST_FILE = YES;
				LD_RUNPATH_SEARCH_PATHS = (
					"$(inherited)",
					"@executable_path/Frameworks",
					"@loader_path/Frameworks",
				);
				MARKETING_VERSION = 1.0;
				PRODUCT_BUNDLE_IDENTIFIER = net.jellyworks.CodableExWithSwiftUIUITests;
				PRODUCT_NAME = "$(TARGET_NAME)";
				SWIFT_EMIT_LOC_STRINGS = NO;
				SWIFT_VERSION = 5.0;
				TARGETED_DEVICE_FAMILY = "1,2";
				TEST_TARGET_NAME = CodableExWithSwiftUI;
			};
			name = Release;
		};
/* End XCBuildConfiguration section */

/* Begin XCConfigurationList section */
		96357A44275277EB00FFC0F3 /* Build configuration list for PBXProject "CodableExWithSwiftUI" */ = {
			isa = XCConfigurationList;
			buildConfigurations = (
				96357A6B275277EC00FFC0F3 /* Debug */,
				96357A6C275277EC00FFC0F3 /* Release */,
			);
			defaultConfigurationIsVisible = 0;
			defaultConfigurationName = Release;
		};
		96357A6D275277EC00FFC0F3 /* Build configuration list for PBXNativeTarget "CodableExWithSwiftUI" */ = {
			isa = XCConfigurationList;
			buildConfigurations = (
				96357A6E275277EC00FFC0F3 /* Debug */,
				96357A6F275277EC00FFC0F3 /* Release */,
			);
			defaultConfigurationIsVisible = 0;
			defaultConfigurationName = Release;
		};
		96357A70275277EC00FFC0F3 /* Build configuration list for PBXNativeTarget "CodableExWithSwiftUITests" */ = {
			isa = XCConfigurationList;
			buildConfigurations = (
				96357A71275277EC00FFC0F3 /* Debug */,
				96357A72275277EC00FFC0F3 /* Release */,
			);
			defaultConfigurationIsVisible = 0;
			defaultConfigurationName = Release;
		};
		96357A73275277EC00FFC0F3 /* Build configuration list for PBXNativeTarget "CodableExWithSwiftUIUITests" */ = {
			isa = XCConfigurationList;
			buildConfigurations = (
				96357A74275277EC00FFC0F3 /* Debug */,
				96357A75275277EC00FFC0F3 /* Release */,
			);
			defaultConfigurationIsVisible = 0;
			defaultConfigurationName = Release;
		};
/* End XCConfigurationList section */
	};
	rootObject = 96357A41275277EB00FFC0F3 /* Project object */;
}
